{
  "object": {
    "pins": [
      {
        "package": "Kingfisher",
        "repositoryURL": "https://github.com/onevcat/Kingfisher.git",
        "state": {
          "branch": null,
          "revision": "0c02c46cfdc0656ce74fd0963a75e5000a0b7f23",
          "version": "7.1.2"
        }
      },
      {
        "package": "SignalRClient",
        "repositoryURL": "https://github.com/moozzyk/SignalR-Client-Swift",
        "state": {
          "branch": null,
          "revision": "e70c77151872a4f973fe1c10376980b0db3fa4b2",
          "version": "0.9.0"
        }
      }
    ]
  },
  "version": 1
}
