// !$*UTF8*$!
{
	archiveVersion = 1;
	classes = {
	};
	objectVersion = 55;
	objects = {

/* Begin PBXBuildFile section */
		D440086027971BB0009316B1 /* Network.swift in Sources */ = {isa = PBXBuildFile; fileRef = D440085F27971BB0009316B1 /* Network.swift */; };
		D440086327971BFA009316B1 /* Endpoint.swift in Sources */ = {isa = PBXBuildFile; fileRef = D440086227971BFA009316B1 /* Endpoint.swift */; };
		D440086627971D18009316B1 /* Dictionary+Extension.swift in Sources */ = {isa = PBXBuildFile; fileRef = D440086527971D18009316B1 /* Dictionary+Extension.swift */; };
		D440086927971E6F009316B1 /* SignalRService.swift in Sources */ = {isa = PBXBuildFile; fileRef = D440086827971E6F009316B1 /* SignalRService.swift */; };
		D440086D27972429009316B1 /* Endpoint+Auth.swift in Sources */ = {isa = PBXBuildFile; fileRef = D440086C27972429009316B1 /* Endpoint+Auth.swift */; };
		D4400870279724A7009316B1 /* LoginModel.swift in Sources */ = {isa = PBXBuildFile; fileRef = D440086F279724A7009316B1 /* LoginModel.swift */; };
		D4400872279724B5009316B1 /* SignupModel.swift in Sources */ = {isa = PBXBuildFile; fileRef = D4400871279724B5009316B1 /* SignupModel.swift */; };
		D4400876279728B7009316B1 /* AuthService.swift in Sources */ = {isa = PBXBuildFile; fileRef = D4400875279728B7009316B1 /* AuthService.swift */; };
		D440087A279731AC009316B1 /* LoadingView.swift in Sources */ = {isa = PBXBuildFile; fileRef = D4400879279731AC009316B1 /* LoadingView.swift */; };
		D440087C279731CD009316B1 /* ProgressIndicator.swift in Sources */ = {isa = PBXBuildFile; fileRef = D440087B279731CD009316B1 /* ProgressIndicator.swift */; };
		D440087E279731DC009316B1 /* LoaderButton.swift in Sources */ = {isa = PBXBuildFile; fileRef = D440087D279731DC009316B1 /* LoaderButton.swift */; };
		D440088227973353009316B1 /* AlertContent.swift in Sources */ = {isa = PBXBuildFile; fileRef = D440088127973353009316B1 /* AlertContent.swift */; };
		D4400884279738E7009316B1 /* AuthResponse.swift in Sources */ = {isa = PBXBuildFile; fileRef = D4400883279738E7009316B1 /* AuthResponse.swift */; };
		D440088627973DB3009316B1 /* BidModel.swift in Sources */ = {isa = PBXBuildFile; fileRef = D440088527973DB3009316B1 /* BidModel.swift */; };
		D440088827973E79009316B1 /* LotModel.swift in Sources */ = {isa = PBXBuildFile; fileRef = D440088727973E79009316B1 /* LotModel.swift */; };
		D440088A27973F37009316B1 /* UserAndLotsModel.swift in Sources */ = {isa = PBXBuildFile; fileRef = D440088927973F37009316B1 /* UserAndLotsModel.swift */; };
		D458FCC42796154C0067062E /* SignalRClient in Frameworks */ = {isa = PBXBuildFile; productRef = D458FCC32796154C0067062E /* SignalRClient */; };
		D458FCC6279617470067062E /* ItemsDetailView.swift in Sources */ = {isa = PBXBuildFile; fileRef = D458FCC5279617470067062E /* ItemsDetailView.swift */; };
		D458FCC82796174C0067062E /* ItemsView.swift in Sources */ = {isa = PBXBuildFile; fileRef = D458FCC72796174C0067062E /* ItemsView.swift */; };
		D4B401B72797F21C009A74B2 /* AppViewModel.swift in Sources */ = {isa = PBXBuildFile; fileRef = D4B401B62797F21C009A74B2 /* AppViewModel.swift */; };
		D4B401BA2797F7AF009A74B2 /* Kingfisher in Frameworks */ = {isa = PBXBuildFile; productRef = D4B401B92797F7AF009A74B2 /* Kingfisher */; };
		D4B401BC2797F89F009A74B2 /* UserModel.swift in Sources */ = {isa = PBXBuildFile; fileRef = D4B401BB2797F89F009A74B2 /* UserModel.swift */; };
		D4B401BE2797FA6E009A74B2 /* LotService.swift in Sources */ = {isa = PBXBuildFile; fileRef = D4B401BD2797FA6E009A74B2 /* LotService.swift */; };
		D4B401C02797FA7D009A74B2 /* UserService.swift in Sources */ = {isa = PBXBuildFile; fileRef = D4B401BF2797FA7D009A74B2 /* UserService.swift */; };
		D4B401C22797FC14009A74B2 /* Endpoint+Lot.swift in Sources */ = {isa = PBXBuildFile; fileRef = D4B401C12797FC14009A74B2 /* Endpoint+Lot.swift */; };
		D4B401C42797FECD009A74B2 /* Endpoint+User.swift in Sources */ = {isa = PBXBuildFile; fileRef = D4B401C32797FECD009A74B2 /* Endpoint+User.swift */; };
		D4B401C72798035B009A74B2 /* ItemsViewModel.swift in Sources */ = {isa = PBXBuildFile; fileRef = D4B401C62798035B009A74B2 /* ItemsViewModel.swift */; };
		D4B401CA279807E2009A74B2 /* ItemDetailsViewModels.swift in Sources */ = {isa = PBXBuildFile; fileRef = D4B401C9279807E2009A74B2 /* ItemDetailsViewModels.swift */; };
		D4B401CD27980F02009A74B2 /* AsyncImage.swift in Sources */ = {isa = PBXBuildFile; fileRef = D4B401CC27980F02009A74B2 /* AsyncImage.swift */; };
		D4D0D2362798194D00FD6A0B /* NotificationService.swift in Sources */ = {isa = PBXBuildFile; fileRef = D4D0D2352798194D00FD6A0B /* NotificationService.swift */; };
		D4D6ED4B2794AE4F00057A3F /* AuctionApp.swift in Sources */ = {isa = PBXBuildFile; fileRef = D4D6ED4A2794AE4F00057A3F /* AuctionApp.swift */; };
		D4D6ED4D2794AE4F00057A3F /* LoginView.swift in Sources */ = {isa = PBXBuildFile; fileRef = D4D6ED4C2794AE4F00057A3F /* LoginView.swift */; };
		D4D6ED4F2794AE5000057A3F /* Assets.xcassets in Resources */ = {isa = PBXBuildFile; fileRef = D4D6ED4E2794AE5000057A3F /* Assets.xcassets */; };
		D4D6ED522794AE5000057A3F /* Preview Assets.xcassets in Resources */ = {isa = PBXBuildFile; fileRef = D4D6ED512794AE5000057A3F /* Preview Assets.xcassets */; };
		D4D6ED662794B4D000057A3F /* SignUpView.swift in Sources */ = {isa = PBXBuildFile; fileRef = D4D6ED652794B4D000057A3F /* SignUpView.swift */; };
		D4E8403C27975D5200E28185 /* ProfileView.swift in Sources */ = {isa = PBXBuildFile; fileRef = D4E8403B27975D5200E28185 /* ProfileView.swift */; };
/* End PBXBuildFile section */

/* Begin PBXFileReference section */
		D440085F27971BB0009316B1 /* Network.swift */ = {isa = PBXFileReference; lastKnownFileType = sourcecode.swift; path = Network.swift; sourceTree = "<group>"; };
		D440086227971BFA009316B1 /* Endpoint.swift */ = {isa = PBXFileReference; lastKnownFileType = sourcecode.swift; path = Endpoint.swift; sourceTree = "<group>"; };
		D440086527971D18009316B1 /* Dictionary+Extension.swift */ = {isa = PBXFileReference; lastKnownFileType = sourcecode.swift; path = "Dictionary+Extension.swift"; sourceTree = "<group>"; };
		D440086827971E6F009316B1 /* SignalRService.swift */ = {isa = PBXFileReference; lastKnownFileType = sourcecode.swift; path = SignalRService.swift; sourceTree = "<group>"; };
		D440086C27972429009316B1 /* Endpoint+Auth.swift */ = {isa = PBXFileReference; lastKnownFileType = sourcecode.swift; path = "Endpoint+Auth.swift"; sourceTree = "<group>"; };
		D440086F279724A7009316B1 /* LoginModel.swift */ = {isa = PBXFileReference; lastKnownFileType = sourcecode.swift; path = LoginModel.swift; sourceTree = "<group>"; };
		D4400871279724B5009316B1 /* SignupModel.swift */ = {isa = PBXFileReference; lastKnownFileType = sourcecode.swift; path = SignupModel.swift; sourceTree = "<group>"; };
		D4400875279728B7009316B1 /* AuthService.swift */ = {isa = PBXFileReference; lastKnownFileType = sourcecode.swift; path = AuthService.swift; sourceTree = "<group>"; };
		D4400879279731AC009316B1 /* LoadingView.swift */ = {isa = PBXFileReference; lastKnownFileType = sourcecode.swift; path = LoadingView.swift; sourceTree = "<group>"; };
		D440087B279731CD009316B1 /* ProgressIndicator.swift */ = {isa = PBXFileReference; lastKnownFileType = sourcecode.swift; path = ProgressIndicator.swift; sourceTree = "<group>"; };
		D440087D279731DC009316B1 /* LoaderButton.swift */ = {isa = PBXFileReference; lastKnownFileType = sourcecode.swift; path = LoaderButton.swift; sourceTree = "<group>"; };
		D440088127973353009316B1 /* AlertContent.swift */ = {isa = PBXFileReference; lastKnownFileType = sourcecode.swift; path = AlertContent.swift; sourceTree = "<group>"; };
		D4400883279738E7009316B1 /* AuthResponse.swift */ = {isa = PBXFileReference; lastKnownFileType = sourcecode.swift; path = AuthResponse.swift; sourceTree = "<group>"; };
		D440088527973DB3009316B1 /* BidModel.swift */ = {isa = PBXFileReference; lastKnownFileType = sourcecode.swift; path = BidModel.swift; sourceTree = "<group>"; };
		D440088727973E79009316B1 /* LotModel.swift */ = {isa = PBXFileReference; lastKnownFileType = sourcecode.swift; path = LotModel.swift; sourceTree = "<group>"; };
		D440088927973F37009316B1 /* UserAndLotsModel.swift */ = {isa = PBXFileReference; lastKnownFileType = sourcecode.swift; path = UserAndLotsModel.swift; sourceTree = "<group>"; };
		D458FCC5279617470067062E /* ItemsDetailView.swift */ = {isa = PBXFileReference; fileEncoding = 4; lastKnownFileType = sourcecode.swift; name = ItemsDetailView.swift; path = Auction/Home/ItemDetails/Views/ItemsDetailView.swift; sourceTree = SOURCE_ROOT; };
		D458FCC72796174C0067062E /* ItemsView.swift */ = {isa = PBXFileReference; fileEncoding = 4; lastKnownFileType = sourcecode.swift; name = ItemsView.swift; path = Auction/Home/Views/ItemsView.swift; sourceTree = SOURCE_ROOT; };
		D4B401B62797F21C009A74B2 /* AppViewModel.swift */ = {isa = PBXFileReference; lastKnownFileType = sourcecode.swift; path = AppViewModel.swift; sourceTree = "<group>"; };
		D4B401BB2797F89F009A74B2 /* UserModel.swift */ = {isa = PBXFileReference; lastKnownFileType = sourcecode.swift; path = UserModel.swift; sourceTree = "<group>"; };
		D4B401BD2797FA6E009A74B2 /* LotService.swift */ = {isa = PBXFileReference; lastKnownFileType = sourcecode.swift; path = LotService.swift; sourceTree = "<group>"; };
		D4B401BF2797FA7D009A74B2 /* UserService.swift */ = {isa = PBXFileReference; lastKnownFileType = sourcecode.swift; path = UserService.swift; sourceTree = "<group>"; };
		D4B401C12797FC14009A74B2 /* Endpoint+Lot.swift */ = {isa = PBXFileReference; lastKnownFileType = sourcecode.swift; path = "Endpoint+Lot.swift"; sourceTree = "<group>"; };
		D4B401C32797FECD009A74B2 /* Endpoint+User.swift */ = {isa = PBXFileReference; lastKnownFileType = sourcecode.swift; path = "Endpoint+User.swift"; sourceTree = "<group>"; };
		D4B401C62798035B009A74B2 /* ItemsViewModel.swift */ = {isa = PBXFileReference; lastKnownFileType = sourcecode.swift; path = ItemsViewModel.swift; sourceTree = "<group>"; };
		D4B401C9279807E2009A74B2 /* ItemDetailsViewModels.swift */ = {isa = PBXFileReference; lastKnownFileType = sourcecode.swift; path = ItemDetailsViewModels.swift; sourceTree = "<group>"; };
		D4B401CC27980F02009A74B2 /* AsyncImage.swift */ = {isa = PBXFileReference; lastKnownFileType = sourcecode.swift; path = AsyncImage.swift; sourceTree = "<group>"; };
		D4D0D2352798194D00FD6A0B /* NotificationService.swift */ = {isa = PBXFileReference; lastKnownFileType = sourcecode.swift; path = NotificationService.swift; sourceTree = "<group>"; };
		D4D6ED472794AE4F00057A3F /* Auction.app */ = {isa = PBXFileReference; explicitFileType = wrapper.application; includeInIndex = 0; path = Auction.app; sourceTree = BUILT_PRODUCTS_DIR; };
		D4D6ED4A2794AE4F00057A3F /* AuctionApp.swift */ = {isa = PBXFileReference; lastKnownFileType = sourcecode.swift; path = AuctionApp.swift; sourceTree = "<group>"; };
		D4D6ED4C2794AE4F00057A3F /* LoginView.swift */ = {isa = PBXFileReference; lastKnownFileType = sourcecode.swift; path = LoginView.swift; sourceTree = "<group>"; };
		D4D6ED4E2794AE5000057A3F /* Assets.xcassets */ = {isa = PBXFileReference; lastKnownFileType = folder.assetcatalog; path = Assets.xcassets; sourceTree = "<group>"; };
		D4D6ED512794AE5000057A3F /* Preview Assets.xcassets */ = {isa = PBXFileReference; lastKnownFileType = folder.assetcatalog; path = "Preview Assets.xcassets"; sourceTree = "<group>"; };
		D4D6ED652794B4D000057A3F /* SignUpView.swift */ = {isa = PBXFileReference; lastKnownFileType = sourcecode.swift; path = SignUpView.swift; sourceTree = "<group>"; };
		D4E8403B27975D5200E28185 /* ProfileView.swift */ = {isa = PBXFileReference; fileEncoding = 4; lastKnownFileType = sourcecode.swift; path = ProfileView.swift; sourceTree = "<group>"; };
/* End PBXFileReference section */

/* Begin PBXFrameworksBuildPhase section */
		D4D6ED442794AE4F00057A3F /* Frameworks */ = {
			isa = PBXFrameworksBuildPhase;
			buildActionMask = 2147483647;
			files = (
				D4B401BA2797F7AF009A74B2 /* Kingfisher in Frameworks */,
				D458FCC42796154C0067062E /* SignalRClient in Frameworks */,
			);
			runOnlyForDeploymentPostprocessing = 0;
		};
/* End PBXFrameworksBuildPhase section */

/* Begin PBXGroup section */
		D440086127971BEE009316B1 /* API */ = {
			isa = PBXGroup;
			children = (
				D440086227971BFA009316B1 /* Endpoint.swift */,
				D440086C27972429009316B1 /* Endpoint+Auth.swift */,
				D4B401C12797FC14009A74B2 /* Endpoint+Lot.swift */,
				D4B401C32797FECD009A74B2 /* Endpoint+User.swift */,
			);
			path = API;
			sourceTree = "<group>";
		};
		D440086427971D04009316B1 /* Extensions */ = {
			isa = PBXGroup;
			children = (
				D440086527971D18009316B1 /* Dictionary+Extension.swift */,
			);
			path = Extensions;
			sourceTree = "<group>";
		};
		D440086727971E45009316B1 /* SignalR */ = {
			isa = PBXGroup;
			children = (
				D440086827971E6F009316B1 /* SignalRService.swift */,
			);
			path = SignalR;
			sourceTree = "<group>";
		};
		D440086E27972484009316B1 /* Models */ = {
			isa = PBXGroup;
			children = (
				D440088027973346009316B1 /* Alert */,
				D4400873279724C1009316B1 /* Auth */,
				D440088527973DB3009316B1 /* BidModel.swift */,
				D440088727973E79009316B1 /* LotModel.swift */,
				D440088927973F37009316B1 /* UserAndLotsModel.swift */,
				D4B401BB2797F89F009A74B2 /* UserModel.swift */,
			);
			path = Models;
			sourceTree = "<group>";
		};
		D4400873279724C1009316B1 /* Auth */ = {
			isa = PBXGroup;
			children = (
				D440086F279724A7009316B1 /* LoginModel.swift */,
				D4400871279724B5009316B1 /* SignupModel.swift */,
				D4400883279738E7009316B1 /* AuthResponse.swift */,
			);
			name = Auth;
			sourceTree = "<group>";
		};
		D4400874279728A9009316B1 /* Services */ = {
			isa = PBXGroup;
			children = (
				D4400875279728B7009316B1 /* AuthService.swift */,
				D4B401BD2797FA6E009A74B2 /* LotService.swift */,
				D4B401BF2797FA7D009A74B2 /* UserService.swift */,
			);
			path = Services;
			sourceTree = "<group>";
		};
		D44008772797318C009316B1 /* UI */ = {
			isa = PBXGroup;
			children = (
				D4B401CB27980EEC009A74B2 /* AyncImage */,
				D44008782797319A009316B1 /* LoaderButton */,
			);
			path = UI;
			sourceTree = "<group>";
		};
		D44008782797319A009316B1 /* LoaderButton */ = {
			isa = PBXGroup;
			children = (
				D4400879279731AC009316B1 /* LoadingView.swift */,
				D440087B279731CD009316B1 /* ProgressIndicator.swift */,
				D440087D279731DC009316B1 /* LoaderButton.swift */,
			);
			path = LoaderButton;
			sourceTree = "<group>";
		};
		D440088027973346009316B1 /* Alert */ = {
			isa = PBXGroup;
			children = (
				D440088127973353009316B1 /* AlertContent.swift */,
			);
			name = Alert;
			sourceTree = "<group>";
		};
		D458FCC9279617720067062E /* Views */ = {
			isa = PBXGroup;
			children = (
				D458FCC72796174C0067062E /* ItemsView.swift */,
			);
			path = Views;
			sourceTree = "<group>";
		};
		D458FCCA279617820067062E /* ItemDetails */ = {
			isa = PBXGroup;
			children = (
				D4B401C8279807C8009A74B2 /* ViewModels */,
				D458FCCB279617900067062E /* Views */,
			);
			path = ItemDetails;
			sourceTree = "<group>";
		};
		D458FCCB279617900067062E /* Views */ = {
			isa = PBXGroup;
			children = (
				D458FCC5279617470067062E /* ItemsDetailView.swift */,
			);
			path = Views;
			sourceTree = "<group>";
		};
		D4B401B52797F20B009A74B2 /* viewModels */ = {
			isa = PBXGroup;
			children = (
				D4B401B62797F21C009A74B2 /* AppViewModel.swift */,
			);
			path = viewModels;
			sourceTree = "<group>";
		};
		D4B401C527980348009A74B2 /* ViewModels */ = {
			isa = PBXGroup;
			children = (
				D4B401C62798035B009A74B2 /* ItemsViewModel.swift */,
			);
			path = ViewModels;
			sourceTree = "<group>";
		};
		D4B401C8279807C8009A74B2 /* ViewModels */ = {
			isa = PBXGroup;
			children = (
				D4B401C9279807E2009A74B2 /* ItemDetailsViewModels.swift */,
			);
			path = ViewModels;
			sourceTree = "<group>";
		};
		D4B401CB27980EEC009A74B2 /* AyncImage */ = {
			isa = PBXGroup;
			children = (
				D4B401CC27980F02009A74B2 /* AsyncImage.swift */,
			);
			path = AyncImage;
			sourceTree = "<group>";
		};
		D4B401CE279818D0009A74B2 /* NotificationService */ = {
			isa = PBXGroup;
			children = (
				D4D0D2352798194D00FD6A0B /* NotificationService.swift */,
			);
			path = NotificationService;
			sourceTree = "<group>";
		};
		D4D6ED3E2794AE4F00057A3F = {
			isa = PBXGroup;
			children = (
				D4D6ED492794AE4F00057A3F /* Auction */,
				D4D6ED482794AE4F00057A3F /* Products */,
			);
			sourceTree = "<group>";
		};
		D4D6ED482794AE4F00057A3F /* Products */ = {
			isa = PBXGroup;
			children = (
				D4D6ED472794AE4F00057A3F /* Auction.app */,
			);
			name = Products;
			sourceTree = "<group>";
		};
		D4D6ED492794AE4F00057A3F /* Auction */ = {
			isa = PBXGroup;
			children = (
				D4D6ED582794AE6500057A3F /* App */,
				D4D6ED5A2794AE8600057A3F /* AuctionKit */,
				D4D6ED5D2794AF0D00057A3F /* Home */,
				D4D6ED5C2794AEA100057A3F /* Authorization */,
				D4E8403827975D2B00E28185 /* Profile */,
				D4D6ED592794AE6E00057A3F /* Resources */,
				D4D6ED502794AE5000057A3F /* Preview Content */,
			);
			path = Auction;
			sourceTree = "<group>";
		};
		D4D6ED502794AE5000057A3F /* Preview Content */ = {
			isa = PBXGroup;
			children = (
				D4D6ED512794AE5000057A3F /* Preview Assets.xcassets */,
			);
			path = "Preview Content";
			sourceTree = "<group>";
		};
		D4D6ED582794AE6500057A3F /* App */ = {
			isa = PBXGroup;
			children = (
				D4B401B52797F20B009A74B2 /* viewModels */,
				D4D6ED4A2794AE4F00057A3F /* AuctionApp.swift */,
			);
			path = App;
			sourceTree = "<group>";
		};
		D4D6ED592794AE6E00057A3F /* Resources */ = {
			isa = PBXGroup;
			children = (
				D4D6ED4E2794AE5000057A3F /* Assets.xcassets */,
			);
			path = Resources;
			sourceTree = "<group>";
		};
		D4D6ED5A2794AE8600057A3F /* AuctionKit */ = {
			isa = PBXGroup;
			children = (
				D4B401CE279818D0009A74B2 /* NotificationService */,
				D44008772797318C009316B1 /* UI */,
				D4400874279728A9009316B1 /* Services */,
				D440086E27972484009316B1 /* Models */,
				D440086727971E45009316B1 /* SignalR */,
				D440086427971D04009316B1 /* Extensions */,
				D4D6ED5B2794AE9900057A3F /* Network */,
			);
			path = AuctionKit;
			sourceTree = "<group>";
		};
		D4D6ED5B2794AE9900057A3F /* Network */ = {
			isa = PBXGroup;
			children = (
				D440086127971BEE009316B1 /* API */,
				D440085F27971BB0009316B1 /* Network.swift */,
			);
			path = Network;
			sourceTree = "<group>";
		};
		D4D6ED5C2794AEA100057A3F /* Authorization */ = {
			isa = PBXGroup;
			children = (
				D4D6ED622794B4A700057A3F /* SignUp */,
				D4D6ED612794B49C00057A3F /* Login */,
			);
			path = Authorization;
			sourceTree = "<group>";
		};
		D4D6ED5D2794AF0D00057A3F /* Home */ = {
			isa = PBXGroup;
			children = (
				D4B401C527980348009A74B2 /* ViewModels */,
				D458FCCA279617820067062E /* ItemDetails */,
				D458FCC9279617720067062E /* Views */,
			);
			path = Home;
			sourceTree = "<group>";
		};
		D4D6ED5F2794AF4100057A3F /* Views */ = {
			isa = PBXGroup;
			children = (
				D4D6ED4C2794AE4F00057A3F /* LoginView.swift */,
			);
			path = Views;
			sourceTree = "<group>";
		};
		D4D6ED602794AF6E00057A3F /* ViewModel */ = {
			isa = PBXGroup;
			children = (
			);
			path = ViewModel;
			sourceTree = "<group>";
		};
		D4D6ED612794B49C00057A3F /* Login */ = {
			isa = PBXGroup;
			children = (
				D4D6ED5F2794AF4100057A3F /* Views */,
				D4D6ED602794AF6E00057A3F /* ViewModel */,
			);
			path = Login;
			sourceTree = "<group>";
		};
		D4D6ED622794B4A700057A3F /* SignUp */ = {
			isa = PBXGroup;
			children = (
				D4D6ED642794B4B800057A3F /* ViewModel */,
				D4D6ED632794B4B000057A3F /* Views */,
			);
			path = SignUp;
			sourceTree = "<group>";
		};
		D4D6ED632794B4B000057A3F /* Views */ = {
			isa = PBXGroup;
			children = (
				D4D6ED652794B4D000057A3F /* SignUpView.swift */,
			);
			path = Views;
			sourceTree = "<group>";
		};
		D4D6ED642794B4B800057A3F /* ViewModel */ = {
			isa = PBXGroup;
			children = (
			);
			path = ViewModel;
			sourceTree = "<group>";
		};
		D4E8403827975D2B00E28185 /* Profile */ = {
			isa = PBXGroup;
			children = (
				D4E8403B27975D5200E28185 /* ProfileView.swift */,
			);
			path = Profile;
			sourceTree = "<group>";
		};
/* End PBXGroup section */

/* Begin PBXNativeTarget section */
		D4D6ED462794AE4F00057A3F /* Auction */ = {
			isa = PBXNativeTarget;
			buildConfigurationList = D4D6ED552794AE5000057A3F /* Build configuration list for PBXNativeTarget "Auction" */;
			buildPhases = (
				D4D6ED432794AE4F00057A3F /* Sources */,
				D4D6ED442794AE4F00057A3F /* Frameworks */,
				D4D6ED452794AE4F00057A3F /* Resources */,
			);
			buildRules = (
			);
			dependencies = (
			);
			name = Auction;
			packageProductDependencies = (
				D458FCC32796154C0067062E /* SignalRClient */,
				D4B401B92797F7AF009A74B2 /* Kingfisher */,
			);
			productName = Auction;
			productReference = D4D6ED472794AE4F00057A3F /* Auction.app */;
			productType = "com.apple.product-type.application";
		};
/* End PBXNativeTarget section */

/* Begin PBXProject section */
		D4D6ED3F2794AE4F00057A3F /* Project object */ = {
			isa = PBXProject;
			attributes = {
				BuildIndependentTargetsInParallel = 1;
				LastSwiftUpdateCheck = 1310;
				LastUpgradeCheck = 1310;
				TargetAttributes = {
					D4D6ED462794AE4F00057A3F = {
						CreatedOnToolsVersion = 13.1;
					};
				};
			};
			buildConfigurationList = D4D6ED422794AE4F00057A3F /* Build configuration list for PBXProject "Auction" */;
			compatibilityVersion = "Xcode 13.0";
			developmentRegion = en;
			hasScannedForEncodings = 0;
			knownRegions = (
				en,
				Base,
			);
			mainGroup = D4D6ED3E2794AE4F00057A3F;
			packageReferences = (
				D458FCC22796154C0067062E /* XCRemoteSwiftPackageReference "SignalR-Client-Swift" */,
				D4B401B82797F7AF009A74B2 /* XCRemoteSwiftPackageReference "Kingfisher" */,
			);
			productRefGroup = D4D6ED482794AE4F00057A3F /* Products */;
			projectDirPath = "";
			projectRoot = "";
			targets = (
				D4D6ED462794AE4F00057A3F /* Auction */,
			);
		};
/* End PBXProject section */

/* Begin PBXResourcesBuildPhase section */
		D4D6ED452794AE4F00057A3F /* Resources */ = {
			isa = PBXResourcesBuildPhase;
			buildActionMask = 2147483647;
			files = (
				D4D6ED522794AE5000057A3F /* Preview Assets.xcassets in Resources */,
				D4D6ED4F2794AE5000057A3F /* Assets.xcassets in Resources */,
			);
			runOnlyForDeploymentPostprocessing = 0;
		};
/* End PBXResourcesBuildPhase section */

/* Begin PBXSourcesBuildPhase section */
		D4D6ED432794AE4F00057A3F /* Sources */ = {
			isa = PBXSourcesBuildPhase;
			buildActionMask = 2147483647;
			files = (
				D4B401C22797FC14009A74B2 /* Endpoint+Lot.swift in Sources */,
				D440088227973353009316B1 /* AlertContent.swift in Sources */,
				D4B401C02797FA7D009A74B2 /* UserService.swift in Sources */,
				D4B401B72797F21C009A74B2 /* AppViewModel.swift in Sources */,
				D440088827973E79009316B1 /* LotModel.swift in Sources */,
				D4400870279724A7009316B1 /* LoginModel.swift in Sources */,
				D4B401CA279807E2009A74B2 /* ItemDetailsViewModels.swift in Sources */,
				D4400884279738E7009316B1 /* AuthResponse.swift in Sources */,
				D440086327971BFA009316B1 /* Endpoint.swift in Sources */,
				D440088A27973F37009316B1 /* UserAndLotsModel.swift in Sources */,
				D4B401BC2797F89F009A74B2 /* UserModel.swift in Sources */,
				D440087E279731DC009316B1 /* LoaderButton.swift in Sources */,
				D4D0D2362798194D00FD6A0B /* NotificationService.swift in Sources */,
				D4D6ED4D2794AE4F00057A3F /* LoginView.swift in Sources */,
				D440087C279731CD009316B1 /* ProgressIndicator.swift in Sources */,
				D4400876279728B7009316B1 /* AuthService.swift in Sources */,
				D4B401BE2797FA6E009A74B2 /* LotService.swift in Sources */,
				D440088627973DB3009316B1 /* BidModel.swift in Sources */,
				D458FCC82796174C0067062E /* ItemsView.swift in Sources */,
				D440086627971D18009316B1 /* Dictionary+Extension.swift in Sources */,
				D4B401CD27980F02009A74B2 /* AsyncImage.swift in Sources */,
				D440086027971BB0009316B1 /* Network.swift in Sources */,
				D4B401C72798035B009A74B2 /* ItemsViewModel.swift in Sources */,
				D440087A279731AC009316B1 /* LoadingView.swift in Sources */,
				D4E8403C27975D5200E28185 /* ProfileView.swift in Sources */,
				D4B401C42797FECD009A74B2 /* Endpoint+User.swift in Sources */,
				D4D6ED662794B4D000057A3F /* SignUpView.swift in Sources */,
				D440086D27972429009316B1 /* Endpoint+Auth.swift in Sources */,
				D440086927971E6F009316B1 /* SignalRService.swift in Sources */,
				D4400872279724B5009316B1 /* SignupModel.swift in Sources */,
				D458FCC6279617470067062E /* ItemsDetailView.swift in Sources */,
				D4D6ED4B2794AE4F00057A3F /* AuctionApp.swift in Sources */,
			);
			runOnlyForDeploymentPostprocessing = 0;
		};
/* End PBXSourcesBuildPhase section */

/* Begin XCBuildConfiguration section */
		D4D6ED532794AE5000057A3F /* Debug */ = {
			isa = XCBuildConfiguration;
			buildSettings = {
				ALWAYS_SEARCH_USER_PATHS = NO;
				CLANG_ANALYZER_NONNULL = YES;
				CLANG_ANALYZER_NUMBER_OBJECT_CONVERSION = YES_AGGRESSIVE;
				CLANG_CXX_LANGUAGE_STANDARD = "gnu++17";
				CLANG_CXX_LIBRARY = "libc++";
				CLANG_ENABLE_MODULES = YES;
				CLANG_ENABLE_OBJC_ARC = YES;
				CLANG_ENABLE_OBJC_WEAK = YES;
				CLANG_WARN_BLOCK_CAPTURE_AUTORELEASING = YES;
				CLANG_WARN_BOOL_CONVERSION = YES;
				CLANG_WARN_COMMA = YES;
				CLANG_WARN_CONSTANT_CONVERSION = YES;
				CLANG_WARN_DEPRECATED_OBJC_IMPLEMENTATIONS = YES;
				CLANG_WARN_DIRECT_OBJC_ISA_USAGE = YES_ERROR;
				CLANG_WARN_DOCUMENTATION_COMMENTS = YES;
				CLANG_WARN_EMPTY_BODY = YES;
				CLANG_WARN_ENUM_CONVERSION = YES;
				CLANG_WARN_INFINITE_RECURSION = YES;
				CLANG_WARN_INT_CONVERSION = YES;
				CLANG_WARN_NON_LITERAL_NULL_CONVERSION = YES;
				CLANG_WARN_OBJC_IMPLICIT_RETAIN_SELF = YES;
				CLANG_WARN_OBJC_LITERAL_CONVERSION = YES;
				CLANG_WARN_OBJC_ROOT_CLASS = YES_ERROR;
				CLANG_WARN_QUOTED_INCLUDE_IN_FRAMEWORK_HEADER = YES;
				CLANG_WARN_RANGE_LOOP_ANALYSIS = YES;
				CLANG_WARN_STRICT_PROTOTYPES = YES;
				CLANG_WARN_SUSPICIOUS_MOVE = YES;
				CLANG_WARN_UNGUARDED_AVAILABILITY = YES_AGGRESSIVE;
				CLANG_WARN_UNREACHABLE_CODE = YES;
				CLANG_WARN__DUPLICATE_METHOD_MATCH = YES;
				COPY_PHASE_STRIP = NO;
				DEBUG_INFORMATION_FORMAT = dwarf;
				ENABLE_STRICT_OBJC_MSGSEND = YES;
				ENABLE_TESTABILITY = YES;
				GCC_C_LANGUAGE_STANDARD = gnu11;
				GCC_DYNAMIC_NO_PIC = NO;
				GCC_NO_COMMON_BLOCKS = YES;
				GCC_OPTIMIZATION_LEVEL = 0;
				GCC_PREPROCESSOR_DEFINITIONS = (
					"DEBUG=1",
					"$(inherited)",
				);
				GCC_WARN_64_TO_32_BIT_CONVERSION = YES;
				GCC_WARN_ABOUT_RETURN_TYPE = YES_ERROR;
				GCC_WARN_UNDECLARED_SELECTOR = YES;
				GCC_WARN_UNINITIALIZED_AUTOS = YES_AGGRESSIVE;
				GCC_WARN_UNUSED_FUNCTION = YES;
				GCC_WARN_UNUSED_VARIABLE = YES;
				IPHONEOS_DEPLOYMENT_TARGET = 15.0;
				MTL_ENABLE_DEBUG_INFO = INCLUDE_SOURCE;
				MTL_FAST_MATH = YES;
				ONLY_ACTIVE_ARCH = YES;
				SDKROOT = iphoneos;
				SWIFT_ACTIVE_COMPILATION_CONDITIONS = DEBUG;
				SWIFT_OPTIMIZATION_LEVEL = "-Onone";
			};
			name = Debug;
		};
		D4D6ED542794AE5000057A3F /* Release */ = {
			isa = XCBuildConfiguration;
			buildSettings = {
				ALWAYS_SEARCH_USER_PATHS = NO;
				CLANG_ANALYZER_NONNULL = YES;
				CLANG_ANALYZER_NUMBER_OBJECT_CONVERSION = YES_AGGRESSIVE;
				CLANG_CXX_LANGUAGE_STANDARD = "gnu++17";
				CLANG_CXX_LIBRARY = "libc++";
				CLANG_ENABLE_MODULES = YES;
				CLANG_ENABLE_OBJC_ARC = YES;
				CLANG_ENABLE_OBJC_WEAK = YES;
				CLANG_WARN_BLOCK_CAPTURE_AUTORELEASING = YES;
				CLANG_WARN_BOOL_CONVERSION = YES;
				CLANG_WARN_COMMA = YES;
				CLANG_WARN_CONSTANT_CONVERSION = YES;
				CLANG_WARN_DEPRECATED_OBJC_IMPLEMENTATIONS = YES;
				CLANG_WARN_DIRECT_OBJC_ISA_USAGE = YES_ERROR;
				CLANG_WARN_DOCUMENTATION_COMMENTS = YES;
				CLANG_WARN_EMPTY_BODY = YES;
				CLANG_WARN_ENUM_CONVERSION = YES;
				CLANG_WARN_INFINITE_RECURSION = YES;
				CLANG_WARN_INT_CONVERSION = YES;
				CLANG_WARN_NON_LITERAL_NULL_CONVERSION = YES;
				CLANG_WARN_OBJC_IMPLICIT_RETAIN_SELF = YES;
				CLANG_WARN_OBJC_LITERAL_CONVERSION = YES;
				CLANG_WARN_OBJC_ROOT_CLASS = YES_ERROR;
				CLANG_WARN_QUOTED_INCLUDE_IN_FRAMEWORK_HEADER = YES;
				CLANG_WARN_RANGE_LOOP_ANALYSIS = YES;
				CLANG_WARN_STRICT_PROTOTYPES = YES;
				CLANG_WARN_SUSPICIOUS_MOVE = YES;
				CLANG_WARN_UNGUARDED_AVAILABILITY = YES_AGGRESSIVE;
				CLANG_WARN_UNREACHABLE_CODE = YES;
				CLANG_WARN__DUPLICATE_METHOD_MATCH = YES;
				COPY_PHASE_STRIP = NO;
				DEBUG_INFORMATION_FORMAT = "dwarf-with-dsym";
				ENABLE_NS_ASSERTIONS = NO;
				ENABLE_STRICT_OBJC_MSGSEND = YES;
				GCC_C_LANGUAGE_STANDARD = gnu11;
				GCC_NO_COMMON_BLOCKS = YES;
				GCC_WARN_64_TO_32_BIT_CONVERSION = YES;
				GCC_WARN_ABOUT_RETURN_TYPE = YES_ERROR;
				GCC_WARN_UNDECLARED_SELECTOR = YES;
				GCC_WARN_UNINITIALIZED_AUTOS = YES_AGGRESSIVE;
				GCC_WARN_UNUSED_FUNCTION = YES;
				GCC_WARN_UNUSED_VARIABLE = YES;
				IPHONEOS_DEPLOYMENT_TARGET = 15.0;
				MTL_ENABLE_DEBUG_INFO = NO;
				MTL_FAST_MATH = YES;
				SDKROOT = iphoneos;
				SWIFT_COMPILATION_MODE = wholemodule;
				SWIFT_OPTIMIZATION_LEVEL = "-O";
				VALIDATE_PRODUCT = YES;
			};
			name = Release;
		};
		D4D6ED562794AE5000057A3F /* Debug */ = {
			isa = XCBuildConfiguration;
			buildSettings = {
				ASSETCATALOG_COMPILER_APPICON_NAME = AppIcon;
				ASSETCATALOG_COMPILER_GLOBAL_ACCENT_COLOR_NAME = AccentColor;
				CODE_SIGN_STYLE = Automatic;
				CURRENT_PROJECT_VERSION = 1;
				DEVELOPMENT_ASSET_PATHS = "\"Auction/Preview Content\"";
				DEVELOPMENT_TEAM = J9ZD55BC9Y;
				ENABLE_PREVIEWS = YES;
				GENERATE_INFOPLIST_FILE = YES;
				INFOPLIST_KEY_UIApplicationSceneManifest_Generation = YES;
				INFOPLIST_KEY_UIApplicationSupportsIndirectInputEvents = YES;
				INFOPLIST_KEY_UILaunchScreen_Generation = YES;
				INFOPLIST_KEY_UISupportedInterfaceOrientations_iPad = "UIInterfaceOrientationPortrait UIInterfaceOrientationPortraitUpsideDown UIInterfaceOrientationLandscapeLeft UIInterfaceOrientationLandscapeRight";
				INFOPLIST_KEY_UISupportedInterfaceOrientations_iPhone = "UIInterfaceOrientationPortrait UIInterfaceOrientationLandscapeLeft UIInterfaceOrientationLandscapeRight";
				LD_RUNPATH_SEARCH_PATHS = (
					"$(inherited)",
					"@executable_path/Frameworks",
				);
				MARKETING_VERSION = 1.0;
				PRODUCT_BUNDLE_IDENTIFIER = com.aucservice.Auction;
				PRODUCT_NAME = "$(TARGET_NAME)";
				SWIFT_EMIT_LOC_STRINGS = YES;
				SWIFT_VERSION = 5.0;
				TARGETED_DEVICE_FAMILY = "1,2";
			};
			name = Debug;
		};
		D4D6ED572794AE5000057A3F /* Release */ = {
			isa = XCBuildConfiguration;
			buildSettings = {
				ASSETCATALOG_COMPILER_APPICON_NAME = AppIcon;
				ASSETCATALOG_COMPILER_GLOBAL_ACCENT_COLOR_NAME = AccentColor;
				CODE_SIGN_STYLE = Automatic;
				CURRENT_PROJECT_VERSION = 1;
				DEVELOPMENT_ASSET_PATHS = "\"Auction/Preview Content\"";
				DEVELOPMENT_TEAM = J9ZD55BC9Y;
				ENABLE_PREVIEWS = YES;
				GENERATE_INFOPLIST_FILE = YES;
				INFOPLIST_KEY_UIApplicationSceneManifest_Generation = YES;
				INFOPLIST_KEY_UIApplicationSupportsIndirectInputEvents = YES;
				INFOPLIST_KEY_UILaunchScreen_Generation = YES;
				INFOPLIST_KEY_UISupportedInterfaceOrientations_iPad = "UIInterfaceOrientationPortrait UIInterfaceOrientationPortraitUpsideDown UIInterfaceOrientationLandscapeLeft UIInterfaceOrientationLandscapeRight";
				INFOPLIST_KEY_UISupportedInterfaceOrientations_iPhone = "UIInterfaceOrientationPortrait UIInterfaceOrientationLandscapeLeft UIInterfaceOrientationLandscapeRight";
				LD_RUNPATH_SEARCH_PATHS = (
					"$(inherited)",
					"@executable_path/Frameworks",
				);
				MARKETING_VERSION = 1.0;
				PRODUCT_BUNDLE_IDENTIFIER = com.aucservice.Auction;
				PRODUCT_NAME = "$(TARGET_NAME)";
				SWIFT_EMIT_LOC_STRINGS = YES;
				SWIFT_VERSION = 5.0;
				TARGETED_DEVICE_FAMILY = "1,2";
			};
			name = Release;
		};
/* End XCBuildConfiguration section */

/* Begin XCConfigurationList section */
		D4D6ED422794AE4F00057A3F /* Build configuration list for PBXProject "Auction" */ = {
			isa = XCConfigurationList;
			buildConfigurations = (
				D4D6ED532794AE5000057A3F /* Debug */,
				D4D6ED542794AE5000057A3F /* Release */,
			);
			defaultConfigurationIsVisible = 0;
			defaultConfigurationName = Release;
		};
		D4D6ED552794AE5000057A3F /* Build configuration list for PBXNativeTarget "Auction" */ = {
			isa = XCConfigurationList;
			buildConfigurations = (
				D4D6ED562794AE5000057A3F /* Debug */,
				D4D6ED572794AE5000057A3F /* Release */,
			);
			defaultConfigurationIsVisible = 0;
			defaultConfigurationName = Release;
		};
/* End XCConfigurationList section */

/* Begin XCRemoteSwiftPackageReference section */
		D458FCC22796154C0067062E /* XCRemoteSwiftPackageReference "SignalR-Client-Swift" */ = {
			isa = XCRemoteSwiftPackageReference;
			repositoryURL = "https://github.com/moozzyk/SignalR-Client-Swift";
			requirement = {
				kind = upToNextMajorVersion;
				minimumVersion = 0.9.0;
			};
		};
		D4B401B82797F7AF009A74B2 /* XCRemoteSwiftPackageReference "Kingfisher" */ = {
			isa = XCRemoteSwiftPackageReference;
			repositoryURL = "https://github.com/onevcat/Kingfisher.git";
			requirement = {
				kind = upToNextMajorVersion;
				minimumVersion = 7.0.0;
			};
		};
/* End XCRemoteSwiftPackageReference section */

/* Begin XCSwiftPackageProductDependency section */
		D458FCC32796154C0067062E /* SignalRClient */ = {
			isa = XCSwiftPackageProductDependency;
			package = D458FCC22796154C0067062E /* XCRemoteSwiftPackageReference "SignalR-Client-Swift" */;
			productName = SignalRClient;
		};
		D4B401B92797F7AF009A74B2 /* Kingfisher */ = {
			isa = XCSwiftPackageProductDependency;
			package = D4B401B82797F7AF009A74B2 /* XCRemoteSwiftPackageReference "Kingfisher" */;
			productName = Kingfisher;
		};
/* End XCSwiftPackageProductDependency section */
	};
	rootObject = D4D6ED3F2794AE4F00057A3F /* Project object */;
}
